PODS:
  - CocoaLumberjack/Default (3.2.0)
  - CocoaLumberjack/Swift (3.2.0):
    - CocoaLumberjack/Default

DEPENDENCIES:
  - CocoaLumberjack/Swift (from `https://github.com/CocoaLumberjack/CocoaLumberjack`, commit `acc32864538c5d75b41a4bfa364b1431cf89954d`)

EXTERNAL SOURCES:
  CocoaLumberjack:
    :commit: acc32864538c5d75b41a4bfa364b1431cf89954d
    :git: https://github.com/CocoaLumberjack/CocoaLumberjack

CHECKOUT OPTIONS:
  CocoaLumberjack:
    :commit: acc32864538c5d75b41a4bfa364b1431cf89954d
    :git: https://github.com/CocoaLumberjack/CocoaLumberjack

SPEC CHECKSUMS:
  CocoaLumberjack: 0d8cb05e834c1b391771fb3397d9a553accd33a9

PODFILE CHECKSUM: c68a52767a7b361b89ed3666de3bd20d108b678d

COCOAPODS: 1.2.1
