// !$*UTF8*$!
{
	archiveVersion = 1;
	classes = {
	};
	objectVersion = 48;
	objects = {

/* Begin PBXBuildFile section */
		3A4EC5921F2E354200BFCD4E /* SceneLocationView+AddLikeMapKit.swift in Sources */ = {isa = PBXBuildFile; fileRef = 3A4EC5911F2E354200BFCD4E /* SceneLocationView+AddLikeMapKit.swift */; };
		4901EF051F1B7D560067870D /* SceneLocationEstimate+Extensions.swift in Sources */ = {isa = PBXBuildFile; fileRef = 4901EF041F1B7D560067870D /* SceneLocationEstimate+Extensions.swift */; };
		49099E391F24BAE5007B76FD /* SCNVector3+Extensions.swift in Sources */ = {isa = PBXBuildFile; fileRef = 49099E381F24BAE5007B76FD /* SCNVector3+Extensions.swift */; };
		49A3FBDC1F09988100AA59C8 /* AppDelegate.swift in Sources */ = {isa = PBXBuildFile; fileRef = 49A3FBDB1F09988100AA59C8 /* AppDelegate.swift */; };
		49A3FBE01F09988100AA59C8 /* ViewController.swift in Sources */ = {isa = PBXBuildFile; fileRef = 49A3FBDF1F09988100AA59C8 /* ViewController.swift */; };
		49A3FBE51F09988100AA59C8 /* Assets.xcassets in Resources */ = {isa = PBXBuildFile; fileRef = 49A3FBE41F09988100AA59C8 /* Assets.xcassets */; };
		49A3FBE81F09988100AA59C8 /* LaunchScreen.storyboard in Resources */ = {isa = PBXBuildFile; fileRef = 49A3FBE61F09988100AA59C8 /* LaunchScreen.storyboard */; };
		49A3FBF51F099A5F00AA59C8 /* LocationManager.swift in Sources */ = {isa = PBXBuildFile; fileRef = 49A3FBF41F099A5F00AA59C8 /* LocationManager.swift */; };
		49A3FBF71F099C8100AA59C8 /* SceneLocationView.swift in Sources */ = {isa = PBXBuildFile; fileRef = 49A3FBF61F099C8100AA59C8 /* SceneLocationView.swift */; };
		49A3FBFD1F09B00400AA59C8 /* CLLocation+Extensions.swift in Sources */ = {isa = PBXBuildFile; fileRef = 49A3FBFC1F09B00400AA59C8 /* CLLocation+Extensions.swift */; };
		49A3FBFF1F09B1D200AA59C8 /* LocationNode.swift in Sources */ = {isa = PBXBuildFile; fileRef = 49A3FBFE1F09B1D200AA59C8 /* LocationNode.swift */; };
		49A3FC011F09B9CF00AA59C8 /* SceneLocationEstimate.swift in Sources */ = {isa = PBXBuildFile; fileRef = 49A3FC001F09B9CF00AA59C8 /* SceneLocationEstimate.swift */; };
		49A3FC031F09BADB00AA59C8 /* FloatingPoint+Radians.swift in Sources */ = {isa = PBXBuildFile; fileRef = 49A3FC021F09BADB00AA59C8 /* FloatingPoint+Radians.swift */; };
		49A3FC051F0A423800AA59C8 /* CGPoint+Extensions.swift in Sources */ = {isa = PBXBuildFile; fileRef = 49A3FC041F0A423800AA59C8 /* CGPoint+Extensions.swift */; };
		49D206F31F124BDD00D7D622 /* SCNNode+Extensions.swift in Sources */ = {isa = PBXBuildFile; fileRef = 49D206F21F124BDD00D7D622 /* SCNNode+Extensions.swift */; };
		71B6A9EDA814C7F42DF123D9 /* Pods_ARKit_CoreLocation.framework in Frameworks */ = {isa = PBXBuildFile; fileRef = 6C10523EF85AA6B7CDF962AD /* Pods_ARKit_CoreLocation.framework */; };
/* End PBXBuildFile section */

/* Begin PBXFileReference section */
		38104A8494954E9B79241EAE /* Pods-ARKit+CoreLocation.debug.xcconfig */ = {isa = PBXFileReference; includeInIndex = 1; lastKnownFileType = text.xcconfig; name = "Pods-ARKit+CoreLocation.debug.xcconfig"; path = "Pods/Target Support Files/Pods-ARKit+CoreLocation/Pods-ARKit+CoreLocation.debug.xcconfig"; sourceTree = "<group>"; };
		3A4EC5911F2E354200BFCD4E /* SceneLocationView+AddLikeMapKit.swift */ = {isa = PBXFileReference; lastKnownFileType = sourcecode.swift; path = "SceneLocationView+AddLikeMapKit.swift"; sourceTree = "<group>"; };
		4901EF041F1B7D560067870D /* SceneLocationEstimate+Extensions.swift */ = {isa = PBXFileReference; lastKnownFileType = sourcecode.swift; path = "SceneLocationEstimate+Extensions.swift"; sourceTree = "<group>"; };
		49099E381F24BAE5007B76FD /* SCNVector3+Extensions.swift */ = {isa = PBXFileReference; lastKnownFileType = sourcecode.swift; path = "SCNVector3+Extensions.swift"; sourceTree = "<group>"; };
		49A3FBD81F09988100AA59C8 /* ARKit+CoreLocation.app */ = {isa = PBXFileReference; explicitFileType = wrapper.application; includeInIndex = 0; path = "ARKit+CoreLocation.app"; sourceTree = BUILT_PRODUCTS_DIR; };
		49A3FBDB1F09988100AA59C8 /* AppDelegate.swift */ = {isa = PBXFileReference; lastKnownFileType = sourcecode.swift; path = AppDelegate.swift; sourceTree = "<group>"; };
		49A3FBDF1F09988100AA59C8 /* ViewController.swift */ = {isa = PBXFileReference; lastKnownFileType = sourcecode.swift; path = ViewController.swift; sourceTree = "<group>"; };
		49A3FBE41F09988100AA59C8 /* Assets.xcassets */ = {isa = PBXFileReference; lastKnownFileType = folder.assetcatalog; path = Assets.xcassets; sourceTree = "<group>"; };
		49A3FBE71F09988100AA59C8 /* Base */ = {isa = PBXFileReference; lastKnownFileType = file.storyboard; name = Base; path = Base.lproj/LaunchScreen.storyboard; sourceTree = "<group>"; };
		49A3FBE91F09988100AA59C8 /* Info.plist */ = {isa = PBXFileReference; lastKnownFileType = text.plist.xml; path = Info.plist; sourceTree = "<group>"; };
		49A3FBF41F099A5F00AA59C8 /* LocationManager.swift */ = {isa = PBXFileReference; lastKnownFileType = sourcecode.swift; path = LocationManager.swift; sourceTree = "<group>"; };
		49A3FBF61F099C8100AA59C8 /* SceneLocationView.swift */ = {isa = PBXFileReference; lastKnownFileType = sourcecode.swift; path = SceneLocationView.swift; sourceTree = "<group>"; };
		49A3FBFC1F09B00400AA59C8 /* CLLocation+Extensions.swift */ = {isa = PBXFileReference; lastKnownFileType = sourcecode.swift; path = "CLLocation+Extensions.swift"; sourceTree = "<group>"; };
		49A3FBFE1F09B1D200AA59C8 /* LocationNode.swift */ = {isa = PBXFileReference; lastKnownFileType = sourcecode.swift; path = LocationNode.swift; sourceTree = "<group>"; };
		49A3FC001F09B9CF00AA59C8 /* SceneLocationEstimate.swift */ = {isa = PBXFileReference; lastKnownFileType = sourcecode.swift; path = SceneLocationEstimate.swift; sourceTree = "<group>"; };
		49A3FC021F09BADB00AA59C8 /* FloatingPoint+Radians.swift */ = {isa = PBXFileReference; lastKnownFileType = sourcecode.swift; path = "FloatingPoint+Radians.swift"; sourceTree = "<group>"; };
		49A3FC041F0A423800AA59C8 /* CGPoint+Extensions.swift */ = {isa = PBXFileReference; lastKnownFileType = sourcecode.swift; path = "CGPoint+Extensions.swift"; sourceTree = "<group>"; };
		49D206F21F124BDD00D7D622 /* SCNNode+Extensions.swift */ = {isa = PBXFileReference; lastKnownFileType = sourcecode.swift; path = "SCNNode+Extensions.swift"; sourceTree = "<group>"; };
		6C10523EF85AA6B7CDF962AD /* Pods_ARKit_CoreLocation.framework */ = {isa = PBXFileReference; explicitFileType = wrapper.framework; includeInIndex = 0; path = Pods_ARKit_CoreLocation.framework; sourceTree = BUILT_PRODUCTS_DIR; };
		A967016A4C9D5DA8BF8AE438 /* Pods-ARKit+CoreLocation.release.xcconfig */ = {isa = PBXFileReference; includeInIndex = 1; lastKnownFileType = text.xcconfig; name = "Pods-ARKit+CoreLocation.release.xcconfig"; path = "Pods/Target Support Files/Pods-ARKit+CoreLocation/Pods-ARKit+CoreLocation.release.xcconfig"; sourceTree = "<group>"; };
/* End PBXFileReference section */

/* Begin PBXFrameworksBuildPhase section */
		49A3FBD51F09988100AA59C8 /* Frameworks */ = {
			isa = PBXFrameworksBuildPhase;
			buildActionMask = 2147483647;
			files = (
				71B6A9EDA814C7F42DF123D9 /* Pods_ARKit_CoreLocation.framework in Frameworks */,
			);
			runOnlyForDeploymentPostprocessing = 0;
		};
/* End PBXFrameworksBuildPhase section */

/* Begin PBXGroup section */
		49A3FBCF1F09988100AA59C8 = {
			isa = PBXGroup;
			children = (
				49A3FBDA1F09988100AA59C8 /* ARKit+CoreLocation */,
				49A3FBD91F09988100AA59C8 /* Products */,
				5F8D9F16076E5CEBAA727F10 /* Pods */,
				F2E2E005FD78BDD52B0F8A94 /* Frameworks */,
			);
			sourceTree = "<group>";
		};
		49A3FBD91F09988100AA59C8 /* Products */ = {
			isa = PBXGroup;
			children = (
				49A3FBD81F09988100AA59C8 /* ARKit+CoreLocation.app */,
			);
			name = Products;
			sourceTree = "<group>";
		};
		49A3FBDA1F09988100AA59C8 /* ARKit+CoreLocation */ = {
			isa = PBXGroup;
			children = (
				49A3FBF31F099A4A00AA59C8 /* Source */,
				49A3FBDB1F09988100AA59C8 /* AppDelegate.swift */,
				49A3FBDF1F09988100AA59C8 /* ViewController.swift */,
				3A4EC5911F2E354200BFCD4E /* SceneLocationView+AddLikeMapKit.swift */,
				49A3FBE41F09988100AA59C8 /* Assets.xcassets */,
				49A3FBE61F09988100AA59C8 /* LaunchScreen.storyboard */,
				49A3FBE91F09988100AA59C8 /* Info.plist */,
			);
			path = "ARKit+CoreLocation";
			sourceTree = "<group>";
		};
		49A3FBF31F099A4A00AA59C8 /* Source */ = {
			isa = PBXGroup;
			children = (
				49A3FBF61F099C8100AA59C8 /* SceneLocationView.swift */,
				49A3FBFE1F09B1D200AA59C8 /* LocationNode.swift */,
				49A3FC001F09B9CF00AA59C8 /* SceneLocationEstimate.swift */,
				4901EF041F1B7D560067870D /* SceneLocationEstimate+Extensions.swift */,
				49A3FBF41F099A5F00AA59C8 /* LocationManager.swift */,
				49A3FBFC1F09B00400AA59C8 /* CLLocation+Extensions.swift */,
				49099E381F24BAE5007B76FD /* SCNVector3+Extensions.swift */,
				49A3FC021F09BADB00AA59C8 /* FloatingPoint+Radians.swift */,
				49A3FC041F0A423800AA59C8 /* CGPoint+Extensions.swift */,
				49D206F21F124BDD00D7D622 /* SCNNode+Extensions.swift */,
			);
			path = Source;
			sourceTree = "<group>";
		};
		5F8D9F16076E5CEBAA727F10 /* Pods */ = {
			isa = PBXGroup;
			children = (
				38104A8494954E9B79241EAE /* Pods-ARKit+CoreLocation.debug.xcconfig */,
				A967016A4C9D5DA8BF8AE438 /* Pods-ARKit+CoreLocation.release.xcconfig */,
			);
			name = Pods;
			sourceTree = "<group>";
		};
		F2E2E005FD78BDD52B0F8A94 /* Frameworks */ = {
			isa = PBXGroup;
			children = (
				6C10523EF85AA6B7CDF962AD /* Pods_ARKit_CoreLocation.framework */,
			);
			name = Frameworks;
			sourceTree = "<group>";
		};
/* End PBXGroup section */

/* Begin PBXNativeTarget section */
		49A3FBD71F09988100AA59C8 /* ARKit+CoreLocation */ = {
			isa = PBXNativeTarget;
			buildConfigurationList = 49A3FBEC1F09988100AA59C8 /* Build configuration list for PBXNativeTarget "ARKit+CoreLocation" */;
			buildPhases = (
				63B0FABA6912CCD1470FF302 /* [CP] Check Pods Manifest.lock */,
				49A3FBD41F09988100AA59C8 /* Sources */,
				49A3FBD51F09988100AA59C8 /* Frameworks */,
				49A3FBD61F09988100AA59C8 /* Resources */,
				B912B23DE2753A7230AC73FF /* [CP] Embed Pods Frameworks */,
				3B65648ABF0CBE46120C6ABF /* [CP] Copy Pods Resources */,
			);
			buildRules = (
			);
			dependencies = (
			);
			name = "ARKit+CoreLocation";
			productName = "ARKit+CoreLocation";
			productReference = 49A3FBD81F09988100AA59C8 /* ARKit+CoreLocation.app */;
			productType = "com.apple.product-type.application";
		};
/* End PBXNativeTarget section */

/* Begin PBXProject section */
		49A3FBD01F09988100AA59C8 /* Project object */ = {
			isa = PBXProject;
			attributes = {
				LastSwiftUpdateCheck = 0900;
				LastUpgradeCheck = 0900;
				ORGANIZATIONNAME = "Project Dent";
				TargetAttributes = {
					49A3FBD71F09988100AA59C8 = {
						CreatedOnToolsVersion = 9.0;
					};
				};
			};
			buildConfigurationList = 49A3FBD31F09988100AA59C8 /* Build configuration list for PBXProject "ARKit+CoreLocation" */;
			compatibilityVersion = "Xcode 8.0";
			developmentRegion = en;
			hasScannedForEncodings = 0;
			knownRegions = (
				en,
				Base,
			);
			mainGroup = 49A3FBCF1F09988100AA59C8;
			productRefGroup = 49A3FBD91F09988100AA59C8 /* Products */;
			projectDirPath = "";
			projectRoot = "";
			targets = (
				49A3FBD71F09988100AA59C8 /* ARKit+CoreLocation */,
			);
		};
/* End PBXProject section */

/* Begin PBXResourcesBuildPhase section */
		49A3FBD61F09988100AA59C8 /* Resources */ = {
			isa = PBXResourcesBuildPhase;
			buildActionMask = 2147483647;
			files = (
				49A3FBE81F09988100AA59C8 /* LaunchScreen.storyboard in Resources */,
				49A3FBE51F09988100AA59C8 /* Assets.xcassets in Resources */,
			);
			runOnlyForDeploymentPostprocessing = 0;
		};
/* End PBXResourcesBuildPhase section */

/* Begin PBXShellScriptBuildPhase section */
		3B65648ABF0CBE46120C6ABF /* [CP] Copy Pods Resources */ = {
			isa = PBXShellScriptBuildPhase;
			buildActionMask = 2147483647;
			files = (
			);
			inputPaths = (
			);
			name = "[CP] Copy Pods Resources";
			outputPaths = (
			);
			runOnlyForDeploymentPostprocessing = 0;
			shellPath = /bin/sh;
			shellScript = "\"${SRCROOT}/Pods/Target Support Files/Pods-ARKit+CoreLocation/Pods-ARKit+CoreLocation-resources.sh\"\n";
			showEnvVarsInLog = 0;
		};
		63B0FABA6912CCD1470FF302 /* [CP] Check Pods Manifest.lock */ = {
			isa = PBXShellScriptBuildPhase;
			buildActionMask = 2147483647;
			files = (
			);
			inputPaths = (
			);
			name = "[CP] Check Pods Manifest.lock";
			outputPaths = (
			);
			runOnlyForDeploymentPostprocessing = 0;
			shellPath = /bin/sh;
			shellScript = "diff \"${PODS_PODFILE_DIR_PATH}/Podfile.lock\" \"${PODS_ROOT}/Manifest.lock\" > /dev/null\nif [ $? != 0 ] ; then\n    # print error to STDERR\n    echo \"error: The sandbox is not in sync with the Podfile.lock. Run 'pod install' or update your CocoaPods installation.\" >&2\n    exit 1\nfi\n";
			showEnvVarsInLog = 0;
		};
		B912B23DE2753A7230AC73FF /* [CP] Embed Pods Frameworks */ = {
			isa = PBXShellScriptBuildPhase;
			buildActionMask = 2147483647;
			files = (
			);
			inputPaths = (
			);
			name = "[CP] Embed Pods Frameworks";
			outputPaths = (
			);
			runOnlyForDeploymentPostprocessing = 0;
			shellPath = /bin/sh;
			shellScript = "\"${SRCROOT}/Pods/Target Support Files/Pods-ARKit+CoreLocation/Pods-ARKit+CoreLocation-frameworks.sh\"\n";
			showEnvVarsInLog = 0;
		};
/* End PBXShellScriptBuildPhase section */

/* Begin PBXSourcesBuildPhase section */
		49A3FBD41F09988100AA59C8 /* Sources */ = {
			isa = PBXSourcesBuildPhase;
			buildActionMask = 2147483647;
			files = (
				49099E391F24BAE5007B76FD /* SCNVector3+Extensions.swift in Sources */,
				49A3FBF71F099C8100AA59C8 /* SceneLocationView.swift in Sources */,
				49A3FC031F09BADB00AA59C8 /* FloatingPoint+Radians.swift in Sources */,
				49A3FBFF1F09B1D200AA59C8 /* LocationNode.swift in Sources */,
				49A3FBFD1F09B00400AA59C8 /* CLLocation+Extensions.swift in Sources */,
				49A3FC051F0A423800AA59C8 /* CGPoint+Extensions.swift in Sources */,
				49A3FBE01F09988100AA59C8 /* ViewController.swift in Sources */,
				4901EF051F1B7D560067870D /* SceneLocationEstimate+Extensions.swift in Sources */,
				3A4EC5921F2E354200BFCD4E /* SceneLocationView+AddLikeMapKit.swift in Sources */,
				49A3FC011F09B9CF00AA59C8 /* SceneLocationEstimate.swift in Sources */,
				49A3FBDC1F09988100AA59C8 /* AppDelegate.swift in Sources */,
				49D206F31F124BDD00D7D622 /* SCNNode+Extensions.swift in Sources */,
				49A3FBF51F099A5F00AA59C8 /* LocationManager.swift in Sources */,
			);
			runOnlyForDeploymentPostprocessing = 0;
		};
/* End PBXSourcesBuildPhase section */

/* Begin PBXVariantGroup section */
		49A3FBE61F09988100AA59C8 /* LaunchScreen.storyboard */ = {
			isa = PBXVariantGroup;
			children = (
				49A3FBE71F09988100AA59C8 /* Base */,
			);
			name = LaunchScreen.storyboard;
			sourceTree = "<group>";
		};
/* End PBXVariantGroup section */

/* Begin XCBuildConfiguration section */
		49A3FBEA1F09988100AA59C8 /* Debug */ = {
			isa = XCBuildConfiguration;
			buildSettings = {
				ALWAYS_SEARCH_USER_PATHS = NO;
				CLANG_ANALYZER_NONNULL = YES;
				CLANG_ANALYZER_NUMBER_OBJECT_CONVERSION = YES_AGGRESSIVE;
				CLANG_CXX_LANGUAGE_STANDARD = "gnu++14";
				CLANG_CXX_LIBRARY = "libc++";
				CLANG_ENABLE_MODULES = YES;
				CLANG_ENABLE_OBJC_ARC = YES;
				CLANG_WARN_BLOCK_CAPTURE_AUTORELEASING = YES;
				CLANG_WARN_BOOL_CONVERSION = YES;
				CLANG_WARN_COMMA = YES;
				CLANG_WARN_CONSTANT_CONVERSION = YES;
				CLANG_WARN_DIRECT_OBJC_ISA_USAGE = YES_ERROR;
				CLANG_WARN_DOCUMENTATION_COMMENTS = YES;
				CLANG_WARN_EMPTY_BODY = YES;
				CLANG_WARN_ENUM_CONVERSION = YES;
				CLANG_WARN_INFINITE_RECURSION = YES;
				CLANG_WARN_INT_CONVERSION = YES;
				CLANG_WARN_OBJC_ROOT_CLASS = YES_ERROR;
				CLANG_WARN_RANGE_LOOP_ANALYSIS = YES;
				CLANG_WARN_STRICT_PROTOTYPES = YES;
				CLANG_WARN_SUSPICIOUS_MOVE = YES;
				CLANG_WARN_UNGUARDED_AVAILABILITY = YES_AGGRESSIVE;
				CLANG_WARN_UNREACHABLE_CODE = YES;
				CLANG_WARN__DUPLICATE_METHOD_MATCH = YES;
				CODE_SIGN_IDENTITY = "iPhone Developer";
				COPY_PHASE_STRIP = NO;
				DEBUG_INFORMATION_FORMAT = dwarf;
				ENABLE_STRICT_OBJC_MSGSEND = YES;
				ENABLE_TESTABILITY = YES;
				GCC_C_LANGUAGE_STANDARD = gnu11;
				GCC_DYNAMIC_NO_PIC = NO;
				GCC_NO_COMMON_BLOCKS = YES;
				GCC_OPTIMIZATION_LEVEL = 0;
				GCC_PREPROCESSOR_DEFINITIONS = (
					"DEBUG=1",
					"$(inherited)",
				);
				GCC_WARN_64_TO_32_BIT_CONVERSION = YES;
				GCC_WARN_ABOUT_RETURN_TYPE = YES_ERROR;
				GCC_WARN_UNDECLARED_SELECTOR = YES;
				GCC_WARN_UNINITIALIZED_AUTOS = YES_AGGRESSIVE;
				GCC_WARN_UNUSED_FUNCTION = YES;
				GCC_WARN_UNUSED_VARIABLE = YES;
				IPHONEOS_DEPLOYMENT_TARGET = 11.0;
				MTL_ENABLE_DEBUG_INFO = YES;
				ONLY_ACTIVE_ARCH = YES;
				SDKROOT = iphoneos;
				SWIFT_ACTIVE_COMPILATION_CONDITIONS = DEBUG;
				SWIFT_OPTIMIZATION_LEVEL = "-Onone";
			};
			name = Debug;
		};
		49A3FBEB1F09988100AA59C8 /* Release */ = {
			isa = XCBuildConfiguration;
			buildSettings = {
				ALWAYS_SEARCH_USER_PATHS = NO;
				CLANG_ANALYZER_NONNULL = YES;
				CLANG_ANALYZER_NUMBER_OBJECT_CONVERSION = YES_AGGRESSIVE;
				CLANG_CXX_LANGUAGE_STANDARD = "gnu++14";
				CLANG_CXX_LIBRARY = "libc++";
				CLANG_ENABLE_MODULES = YES;
				CLANG_ENABLE_OBJC_ARC = YES;
				CLANG_WARN_BLOCK_CAPTURE_AUTORELEASING = YES;
				CLANG_WARN_BOOL_CONVERSION = YES;
				CLANG_WARN_COMMA = YES;
				CLANG_WARN_CONSTANT_CONVERSION = YES;
				CLANG_WARN_DIRECT_OBJC_ISA_USAGE = YES_ERROR;
				CLANG_WARN_DOCUMENTATION_COMMENTS = YES;
				CLANG_WARN_EMPTY_BODY = YES;
				CLANG_WARN_ENUM_CONVERSION = YES;
				CLANG_WARN_INFINITE_RECURSION = YES;
				CLANG_WARN_INT_CONVERSION = YES;
				CLANG_WARN_OBJC_ROOT_CLASS = YES_ERROR;
				CLANG_WARN_RANGE_LOOP_ANALYSIS = YES;
				CLANG_WARN_STRICT_PROTOTYPES = YES;
				CLANG_WARN_SUSPICIOUS_MOVE = YES;
				CLANG_WARN_UNGUARDED_AVAILABILITY = YES_AGGRESSIVE;
				CLANG_WARN_UNREACHABLE_CODE = YES;
				CLANG_WARN__DUPLICATE_METHOD_MATCH = YES;
				CODE_SIGN_IDENTITY = "iPhone Developer";
				COPY_PHASE_STRIP = NO;
				DEBUG_INFORMATION_FORMAT = "dwarf-with-dsym";
				ENABLE_NS_ASSERTIONS = NO;
				ENABLE_STRICT_OBJC_MSGSEND = YES;
				GCC_C_LANGUAGE_STANDARD = gnu11;
				GCC_NO_COMMON_BLOCKS = YES;
				GCC_WARN_64_TO_32_BIT_CONVERSION = YES;
				GCC_WARN_ABOUT_RETURN_TYPE = YES_ERROR;
				GCC_WARN_UNDECLARED_SELECTOR = YES;
				GCC_WARN_UNINITIALIZED_AUTOS = YES_AGGRESSIVE;
				GCC_WARN_UNUSED_FUNCTION = YES;
				GCC_WARN_UNUSED_VARIABLE = YES;
				IPHONEOS_DEPLOYMENT_TARGET = 11.0;
				MTL_ENABLE_DEBUG_INFO = NO;
				SDKROOT = iphoneos;
				SWIFT_OPTIMIZATION_LEVEL = "-Owholemodule";
				VALIDATE_PRODUCT = YES;
			};
			name = Release;
		};
		49A3FBED1F09988100AA59C8 /* Debug */ = {
			isa = XCBuildConfiguration;
			baseConfigurationReference = 38104A8494954E9B79241EAE /* Pods-ARKit+CoreLocation.debug.xcconfig */;
			buildSettings = {
				ASSETCATALOG_COMPILER_APPICON_NAME = AppIcon;
				DEVELOPMENT_TEAM = "";
				INFOPLIST_FILE = "ARKit+CoreLocation/Info.plist";
				LD_RUNPATH_SEARCH_PATHS = "$(inherited) @executable_path/Frameworks";
				PRODUCT_BUNDLE_IDENTIFIER = "ProjectDent.ARKit-CoreLocation";
				PRODUCT_NAME = "$(TARGET_NAME)";
				SWIFT_VERSION = 4.0;
				TARGETED_DEVICE_FAMILY = "1,2";
			};
			name = Debug;
		};
		49A3FBEE1F09988100AA59C8 /* Release */ = {
			isa = XCBuildConfiguration;
			baseConfigurationReference = A967016A4C9D5DA8BF8AE438 /* Pods-ARKit+CoreLocation.release.xcconfig */;
			buildSettings = {
				ASSETCATALOG_COMPILER_APPICON_NAME = AppIcon;
				DEVELOPMENT_TEAM = "";
				INFOPLIST_FILE = "ARKit+CoreLocation/Info.plist";
				LD_RUNPATH_SEARCH_PATHS = "$(inherited) @executable_path/Frameworks";
				PRODUCT_BUNDLE_IDENTIFIER = "ProjectDent.ARKit-CoreLocation";
				PRODUCT_NAME = "$(TARGET_NAME)";
				SWIFT_VERSION = 4.0;
				TARGETED_DEVICE_FAMILY = "1,2";
			};
			name = Release;
		};
/* End XCBuildConfiguration section */

/* Begin XCConfigurationList section */
		49A3FBD31F09988100AA59C8 /* Build configuration list for PBXProject "ARKit+CoreLocation" */ = {
			isa = XCConfigurationList;
			buildConfigurations = (
				49A3FBEA1F09988100AA59C8 /* Debug */,
				49A3FBEB1F09988100AA59C8 /* Release */,
			);
			defaultConfigurationIsVisible = 0;
			defaultConfigurationName = Release;
		};
		49A3FBEC1F09988100AA59C8 /* Build configuration list for PBXNativeTarget "ARKit+CoreLocation" */ = {
			isa = XCConfigurationList;
			buildConfigurations = (
				49A3FBED1F09988100AA59C8 /* Debug */,
				49A3FBEE1F09988100AA59C8 /* Release */,
			);
			defaultConfigurationIsVisible = 0;
			defaultConfigurationName = Release;
		};
/* End XCConfigurationList section */
	};
	rootObject = 49A3FBD01F09988100AA59C8 /* Project object */;
}
