// !$*UTF8*$!
{
	archiveVersion = 1;
	classes = {
	};
	objectVersion = 48;
	objects = {

/* Begin PBXBuildFile section */
		36F4F20C221B279C004BE1E6 /* BaseTypes+Extensions.swift in Sources */ = {isa = PBXBuildFile; fileRef = 128F72A01F39BE2F00AC6E4C /* BaseTypes+Extensions.swift */; };
		36F4F20D221B27A0004BE1E6 /* SceneLocationViewDelegate.swift in Sources */ = {isa = PBXBuildFile; fileRef = 12EA6A111F3B2EE800B4BD1D /* SceneLocationViewDelegate.swift */; };
		36F4F20E221B27A3004BE1E6 /* SceneLocationView+Extensions.swift in Sources */ = {isa = PBXBuildFile; fileRef = 128F72A21F39C56200AC6E4C /* SceneLocationView+Extensions.swift */; };
		3D16C296C513125F6AFC405E /* Pods_ARKit_CoreLocation.framework in Frameworks */ = {isa = PBXBuildFile; fileRef = 6C10523EF85AA6B7CDF962AD /* Pods_ARKit_CoreLocation.framework */; };
		49A3FBDC1F09988100AA59C8 /* AppDelegate.swift in Sources */ = {isa = PBXBuildFile; fileRef = 49A3FBDB1F09988100AA59C8 /* AppDelegate.swift */; };
		49A3FBE01F09988100AA59C8 /* ViewController.swift in Sources */ = {isa = PBXBuildFile; fileRef = 49A3FBDF1F09988100AA59C8 /* ViewController.swift */; };
		49A3FBE51F09988100AA59C8 /* Assets.xcassets in Resources */ = {isa = PBXBuildFile; fileRef = 49A3FBE41F09988100AA59C8 /* Assets.xcassets */; };
		49A3FBE81F09988100AA59C8 /* LaunchScreen.storyboard in Resources */ = {isa = PBXBuildFile; fileRef = 49A3FBE61F09988100AA59C8 /* LaunchScreen.storyboard */; };
		932EF22B20BE7E6E0052210C /* ARCL.framework in Frameworks */ = {isa = PBXBuildFile; fileRef = 932EF22220BE7E6D0052210C /* ARCL.framework */; };
		932EF23220BE7E6E0052210C /* ARCLTests.swift in Sources */ = {isa = PBXBuildFile; fileRef = 932EF23120BE7E6E0052210C /* ARCLTests.swift */; };
		932EF23420BE7E6E0052210C /* ARCL.h in Headers */ = {isa = PBXBuildFile; fileRef = 932EF22420BE7E6D0052210C /* ARCL.h */; settings = {ATTRIBUTES = (Public, ); }; };
		932EF23720BE7E6E0052210C /* ARCL.framework in Frameworks */ = {isa = PBXBuildFile; fileRef = 932EF22220BE7E6D0052210C /* ARCL.framework */; };
		932EF26120BE83A80052210C /* SceneLocationView.swift in Sources */ = {isa = PBXBuildFile; fileRef = 49A3FBF61F099C8100AA59C8 /* SceneLocationView.swift */; };
		932EF26220BE83A80052210C /* LocationNode.swift in Sources */ = {isa = PBXBuildFile; fileRef = 49A3FBFE1F09B1D200AA59C8 /* LocationNode.swift */; };
		932EF26320BE83A80052210C /* SceneLocationEstimate.swift in Sources */ = {isa = PBXBuildFile; fileRef = 49A3FC001F09B9CF00AA59C8 /* SceneLocationEstimate.swift */; };
		932EF26420BE83A80052210C /* SceneLocationEstimate+Extensions.swift in Sources */ = {isa = PBXBuildFile; fileRef = 4901EF041F1B7D560067870D /* SceneLocationEstimate+Extensions.swift */; };
		932EF26520BE83A80052210C /* LocationManager.swift in Sources */ = {isa = PBXBuildFile; fileRef = 49A3FBF41F099A5F00AA59C8 /* LocationManager.swift */; };
		932EF26620BE83A80052210C /* CLLocation+Extensions.swift in Sources */ = {isa = PBXBuildFile; fileRef = 49A3FBFC1F09B00400AA59C8 /* CLLocation+Extensions.swift */; };
		932EF26720BE83A80052210C /* SCNVector3+Extensions.swift in Sources */ = {isa = PBXBuildFile; fileRef = 49099E381F24BAE5007B76FD /* SCNVector3+Extensions.swift */; };
		932EF26820BE83A80052210C /* FloatingPoint+Radians.swift in Sources */ = {isa = PBXBuildFile; fileRef = 49A3FC021F09BADB00AA59C8 /* FloatingPoint+Radians.swift */; };
		932EF26920BE83A80052210C /* CGPoint+Extensions.swift in Sources */ = {isa = PBXBuildFile; fileRef = 49A3FC041F0A423800AA59C8 /* CGPoint+Extensions.swift */; };
		932EF26A20BE83A80052210C /* SCNNode+Extensions.swift in Sources */ = {isa = PBXBuildFile; fileRef = 49D206F21F124BDD00D7D622 /* SCNNode+Extensions.swift */; };
		D8C205D11F5B197200675E6E /* NotSupportedViewController.swift in Sources */ = {isa = PBXBuildFile; fileRef = D8C205D01F5B197200675E6E /* NotSupportedViewController.swift */; };
/* End PBXBuildFile section */

/* Begin PBXContainerItemProxy section */
		932EF22C20BE7E6E0052210C /* PBXContainerItemProxy */ = {
			isa = PBXContainerItemProxy;
			containerPortal = 49A3FBD01F09988100AA59C8 /* Project object */;
			proxyType = 1;
			remoteGlobalIDString = 932EF22120BE7E6D0052210C;
			remoteInfo = ARCL;
		};
		932EF22E20BE7E6E0052210C /* PBXContainerItemProxy */ = {
			isa = PBXContainerItemProxy;
			containerPortal = 49A3FBD01F09988100AA59C8 /* Project object */;
			proxyType = 1;
			remoteGlobalIDString = 49A3FBD71F09988100AA59C8;
			remoteInfo = "ARKit+CoreLocation";
		};
		932EF23520BE7E6E0052210C /* PBXContainerItemProxy */ = {
			isa = PBXContainerItemProxy;
			containerPortal = 49A3FBD01F09988100AA59C8 /* Project object */;
			proxyType = 1;
			remoteGlobalIDString = 932EF22120BE7E6D0052210C;
			remoteInfo = ARCL;
		};
/* End PBXContainerItemProxy section */

/* Begin PBXFileReference section */
		0BB91C943796356004210093 /* Pods-ARKit+CoreLocation.release.xcconfig */ = {isa = PBXFileReference; includeInIndex = 1; lastKnownFileType = text.xcconfig; name = "Pods-ARKit+CoreLocation.release.xcconfig"; path = "Pods/Target Support Files/Pods-ARKit+CoreLocation/Pods-ARKit+CoreLocation.release.xcconfig"; sourceTree = "<group>"; };
		128F72A01F39BE2F00AC6E4C /* BaseTypes+Extensions.swift */ = {isa = PBXFileReference; lastKnownFileType = sourcecode.swift; path = "BaseTypes+Extensions.swift"; sourceTree = "<group>"; };
		128F72A21F39C56200AC6E4C /* SceneLocationView+Extensions.swift */ = {isa = PBXFileReference; lastKnownFileType = sourcecode.swift; path = "SceneLocationView+Extensions.swift"; sourceTree = "<group>"; };
		12EA6A111F3B2EE800B4BD1D /* SceneLocationViewDelegate.swift */ = {isa = PBXFileReference; lastKnownFileType = sourcecode.swift; path = SceneLocationViewDelegate.swift; sourceTree = "<group>"; };
		4901EF041F1B7D560067870D /* SceneLocationEstimate+Extensions.swift */ = {isa = PBXFileReference; lastKnownFileType = sourcecode.swift; path = "SceneLocationEstimate+Extensions.swift"; sourceTree = "<group>"; };
		49099E381F24BAE5007B76FD /* SCNVector3+Extensions.swift */ = {isa = PBXFileReference; lastKnownFileType = sourcecode.swift; path = "SCNVector3+Extensions.swift"; sourceTree = "<group>"; };
		49A3FBD81F09988100AA59C8 /* ARKit+CoreLocation.app */ = {isa = PBXFileReference; explicitFileType = wrapper.application; includeInIndex = 0; path = "ARKit+CoreLocation.app"; sourceTree = BUILT_PRODUCTS_DIR; };
		49A3FBDB1F09988100AA59C8 /* AppDelegate.swift */ = {isa = PBXFileReference; lastKnownFileType = sourcecode.swift; path = AppDelegate.swift; sourceTree = "<group>"; };
		49A3FBDF1F09988100AA59C8 /* ViewController.swift */ = {isa = PBXFileReference; lastKnownFileType = sourcecode.swift; path = ViewController.swift; sourceTree = "<group>"; };
		49A3FBE41F09988100AA59C8 /* Assets.xcassets */ = {isa = PBXFileReference; lastKnownFileType = folder.assetcatalog; path = Assets.xcassets; sourceTree = "<group>"; };
		49A3FBE71F09988100AA59C8 /* Base */ = {isa = PBXFileReference; lastKnownFileType = file.storyboard; name = Base; path = Base.lproj/LaunchScreen.storyboard; sourceTree = "<group>"; };
		49A3FBE91F09988100AA59C8 /* Info.plist */ = {isa = PBXFileReference; lastKnownFileType = text.plist.xml; path = Info.plist; sourceTree = "<group>"; };
		49A3FBF41F099A5F00AA59C8 /* LocationManager.swift */ = {isa = PBXFileReference; lastKnownFileType = sourcecode.swift; path = LocationManager.swift; sourceTree = "<group>"; };
		49A3FBF61F099C8100AA59C8 /* SceneLocationView.swift */ = {isa = PBXFileReference; lastKnownFileType = sourcecode.swift; path = SceneLocationView.swift; sourceTree = "<group>"; };
		49A3FBFC1F09B00400AA59C8 /* CLLocation+Extensions.swift */ = {isa = PBXFileReference; lastKnownFileType = sourcecode.swift; path = "CLLocation+Extensions.swift"; sourceTree = "<group>"; };
		49A3FBFE1F09B1D200AA59C8 /* LocationNode.swift */ = {isa = PBXFileReference; lastKnownFileType = sourcecode.swift; path = LocationNode.swift; sourceTree = "<group>"; };
		49A3FC001F09B9CF00AA59C8 /* SceneLocationEstimate.swift */ = {isa = PBXFileReference; lastKnownFileType = sourcecode.swift; path = SceneLocationEstimate.swift; sourceTree = "<group>"; };
		49A3FC021F09BADB00AA59C8 /* FloatingPoint+Radians.swift */ = {isa = PBXFileReference; lastKnownFileType = sourcecode.swift; path = "FloatingPoint+Radians.swift"; sourceTree = "<group>"; };
		49A3FC041F0A423800AA59C8 /* CGPoint+Extensions.swift */ = {isa = PBXFileReference; lastKnownFileType = sourcecode.swift; path = "CGPoint+Extensions.swift"; sourceTree = "<group>"; };
		49D206F21F124BDD00D7D622 /* SCNNode+Extensions.swift */ = {isa = PBXFileReference; lastKnownFileType = sourcecode.swift; path = "SCNNode+Extensions.swift"; sourceTree = "<group>"; };
		6C10523EF85AA6B7CDF962AD /* Pods_ARKit_CoreLocation.framework */ = {isa = PBXFileReference; explicitFileType = wrapper.framework; includeInIndex = 0; path = Pods_ARKit_CoreLocation.framework; sourceTree = BUILT_PRODUCTS_DIR; };
		8C31ACA439BC114F28F96BDD /* Pods-ARKit+CoreLocation.debug.xcconfig */ = {isa = PBXFileReference; includeInIndex = 1; lastKnownFileType = text.xcconfig; name = "Pods-ARKit+CoreLocation.debug.xcconfig"; path = "Pods/Target Support Files/Pods-ARKit+CoreLocation/Pods-ARKit+CoreLocation.debug.xcconfig"; sourceTree = "<group>"; };
		932EF22220BE7E6D0052210C /* ARCL.framework */ = {isa = PBXFileReference; explicitFileType = wrapper.framework; includeInIndex = 0; path = ARCL.framework; sourceTree = BUILT_PRODUCTS_DIR; };
		932EF22420BE7E6D0052210C /* ARCL.h */ = {isa = PBXFileReference; lastKnownFileType = sourcecode.c.h; path = ARCL.h; sourceTree = "<group>"; };
		932EF22520BE7E6D0052210C /* Info.plist */ = {isa = PBXFileReference; lastKnownFileType = text.plist.xml; path = Info.plist; sourceTree = "<group>"; };
		932EF22A20BE7E6E0052210C /* ARCLTests.xctest */ = {isa = PBXFileReference; explicitFileType = wrapper.cfbundle; includeInIndex = 0; path = ARCLTests.xctest; sourceTree = BUILT_PRODUCTS_DIR; };
		932EF23120BE7E6E0052210C /* ARCLTests.swift */ = {isa = PBXFileReference; lastKnownFileType = sourcecode.swift; path = ARCLTests.swift; sourceTree = "<group>"; };
		932EF23320BE7E6E0052210C /* Info.plist */ = {isa = PBXFileReference; lastKnownFileType = text.plist.xml; path = Info.plist; sourceTree = "<group>"; };
		D8C205D01F5B197200675E6E /* NotSupportedViewController.swift */ = {isa = PBXFileReference; lastKnownFileType = sourcecode.swift; path = NotSupportedViewController.swift; sourceTree = "<group>"; };
/* End PBXFileReference section */

/* Begin PBXFrameworksBuildPhase section */
		49A3FBD51F09988100AA59C8 /* Frameworks */ = {
			isa = PBXFrameworksBuildPhase;
			buildActionMask = 2147483647;
			files = (
				932EF23720BE7E6E0052210C /* ARCL.framework in Frameworks */,
				3D16C296C513125F6AFC405E /* Pods_ARKit_CoreLocation.framework in Frameworks */,
			);
			runOnlyForDeploymentPostprocessing = 0;
		};
		932EF21E20BE7E6D0052210C /* Frameworks */ = {
			isa = PBXFrameworksBuildPhase;
			buildActionMask = 2147483647;
			files = (
			);
			runOnlyForDeploymentPostprocessing = 0;
		};
		932EF22720BE7E6E0052210C /* Frameworks */ = {
			isa = PBXFrameworksBuildPhase;
			buildActionMask = 2147483647;
			files = (
				932EF22B20BE7E6E0052210C /* ARCL.framework in Frameworks */,
			);
			runOnlyForDeploymentPostprocessing = 0;
		};
/* End PBXFrameworksBuildPhase section */

/* Begin PBXGroup section */
		26D180C0CA780108CD695139 /* Pods */ = {
			isa = PBXGroup;
			children = (
				8C31ACA439BC114F28F96BDD /* Pods-ARKit+CoreLocation.debug.xcconfig */,
				0BB91C943796356004210093 /* Pods-ARKit+CoreLocation.release.xcconfig */,
			);
			name = Pods;
			sourceTree = "<group>";
		};
		49A3FBCF1F09988100AA59C8 = {
			isa = PBXGroup;
			children = (
				932EF22320BE7E6D0052210C /* ARCL */,
				49A3FBDA1F09988100AA59C8 /* ARKit+CoreLocation */,
				932EF23020BE7E6E0052210C /* ARCLTests */,
				49A3FBD91F09988100AA59C8 /* Products */,
				F2E2E005FD78BDD52B0F8A94 /* Frameworks */,
				26D180C0CA780108CD695139 /* Pods */,
			);
			sourceTree = "<group>";
		};
		49A3FBD91F09988100AA59C8 /* Products */ = {
			isa = PBXGroup;
			children = (
				49A3FBD81F09988100AA59C8 /* ARKit+CoreLocation.app */,
				932EF22220BE7E6D0052210C /* ARCL.framework */,
				932EF22A20BE7E6E0052210C /* ARCLTests.xctest */,
			);
			name = Products;
			sourceTree = "<group>";
		};
		49A3FBDA1F09988100AA59C8 /* ARKit+CoreLocation */ = {
			isa = PBXGroup;
			children = (
				49A3FBDB1F09988100AA59C8 /* AppDelegate.swift */,
				49A3FBDF1F09988100AA59C8 /* ViewController.swift */,
				D8C205D01F5B197200675E6E /* NotSupportedViewController.swift */,
				49A3FBE41F09988100AA59C8 /* Assets.xcassets */,
				49A3FBE61F09988100AA59C8 /* LaunchScreen.storyboard */,
				49A3FBE91F09988100AA59C8 /* Info.plist */,
			);
			path = "ARKit+CoreLocation";
			sourceTree = "<group>";
		};
		49A3FBF31F099A4A00AA59C8 /* Source */ = {
			isa = PBXGroup;
			children = (
				49A3FBF61F099C8100AA59C8 /* SceneLocationView.swift */,
				12EA6A111F3B2EE800B4BD1D /* SceneLocationViewDelegate.swift */,
				128F72A21F39C56200AC6E4C /* SceneLocationView+Extensions.swift */,
				49A3FBFE1F09B1D200AA59C8 /* LocationNode.swift */,
				49A3FC001F09B9CF00AA59C8 /* SceneLocationEstimate.swift */,
				4901EF041F1B7D560067870D /* SceneLocationEstimate+Extensions.swift */,
				49A3FBF41F099A5F00AA59C8 /* LocationManager.swift */,
				49A3FBFC1F09B00400AA59C8 /* CLLocation+Extensions.swift */,
				49099E381F24BAE5007B76FD /* SCNVector3+Extensions.swift */,
				49A3FC021F09BADB00AA59C8 /* FloatingPoint+Radians.swift */,
				49A3FC041F0A423800AA59C8 /* CGPoint+Extensions.swift */,
				128F72A01F39BE2F00AC6E4C /* BaseTypes+Extensions.swift */,
				49D206F21F124BDD00D7D622 /* SCNNode+Extensions.swift */,
			);
			path = Source;
			sourceTree = "<group>";
		};
		932EF22320BE7E6D0052210C /* ARCL */ = {
			isa = PBXGroup;
			children = (
				49A3FBF31F099A4A00AA59C8 /* Source */,
				932EF22420BE7E6D0052210C /* ARCL.h */,
				932EF22520BE7E6D0052210C /* Info.plist */,
			);
			path = ARCL;
			sourceTree = "<group>";
		};
		932EF23020BE7E6E0052210C /* ARCLTests */ = {
			isa = PBXGroup;
			children = (
				932EF23120BE7E6E0052210C /* ARCLTests.swift */,
				932EF23320BE7E6E0052210C /* Info.plist */,
			);
			path = ARCLTests;
			sourceTree = "<group>";
		};
		F2E2E005FD78BDD52B0F8A94 /* Frameworks */ = {
			isa = PBXGroup;
			children = (
				6C10523EF85AA6B7CDF962AD /* Pods_ARKit_CoreLocation.framework */,
			);
			name = Frameworks;
			sourceTree = "<group>";
		};
/* End PBXGroup section */

/* Begin PBXHeadersBuildPhase section */
		932EF21F20BE7E6D0052210C /* Headers */ = {
			isa = PBXHeadersBuildPhase;
			buildActionMask = 2147483647;
			files = (
				932EF23420BE7E6E0052210C /* ARCL.h in Headers */,
			);
			runOnlyForDeploymentPostprocessing = 0;
		};
/* End PBXHeadersBuildPhase section */

/* Begin PBXNativeTarget section */
		49A3FBD71F09988100AA59C8 /* ARKit+CoreLocation */ = {
			isa = PBXNativeTarget;
			buildConfigurationList = 49A3FBEC1F09988100AA59C8 /* Build configuration list for PBXNativeTarget "ARKit+CoreLocation" */;
			buildPhases = (
				F3C651027697D46CB173FF94 /* [CP] Check Pods Manifest.lock */,
				49A3FBD41F09988100AA59C8 /* Sources */,
				49A3FBD51F09988100AA59C8 /* Frameworks */,
				49A3FBD61F09988100AA59C8 /* Resources */,
				B912B23DE2753A7230AC73FF /* Swiftlint */,
				3B65648ABF0CBE46120C6ABF /* [CP] Copy Pods Resources */,
				128F729F1F39B73C00AC6E4C /* SwiftLint */,
				9CE3F8FA71585F7964C43538 /* [CP] Embed Pods Frameworks */,
			);
			buildRules = (
			);
			dependencies = (
				932EF23620BE7E6E0052210C /* PBXTargetDependency */,
			);
			name = "ARKit+CoreLocation";
			productName = "ARKit+CoreLocation";
			productReference = 49A3FBD81F09988100AA59C8 /* ARKit+CoreLocation.app */;
			productType = "com.apple.product-type.application";
		};
		932EF22120BE7E6D0052210C /* ARCL */ = {
			isa = PBXNativeTarget;
			buildConfigurationList = 932EF23D20BE7E6E0052210C /* Build configuration list for PBXNativeTarget "ARCL" */;
			buildPhases = (
				932EF21D20BE7E6D0052210C /* Sources */,
				932EF21E20BE7E6D0052210C /* Frameworks */,
				932EF21F20BE7E6D0052210C /* Headers */,
				932EF22020BE7E6D0052210C /* Resources */,
			);
			buildRules = (
			);
			dependencies = (
			);
			name = ARCL;
			productName = ARCL;
			productReference = 932EF22220BE7E6D0052210C /* ARCL.framework */;
			productType = "com.apple.product-type.framework";
		};
		932EF22920BE7E6E0052210C /* ARCLTests */ = {
			isa = PBXNativeTarget;
			buildConfigurationList = 932EF23F20BE7E6E0052210C /* Build configuration list for PBXNativeTarget "ARCLTests" */;
			buildPhases = (
				932EF22620BE7E6E0052210C /* Sources */,
				932EF22720BE7E6E0052210C /* Frameworks */,
				932EF22820BE7E6E0052210C /* Resources */,
			);
			buildRules = (
			);
			dependencies = (
				932EF22D20BE7E6E0052210C /* PBXTargetDependency */,
				932EF22F20BE7E6E0052210C /* PBXTargetDependency */,
			);
			name = ARCLTests;
			productName = ARCLTests;
			productReference = 932EF22A20BE7E6E0052210C /* ARCLTests.xctest */;
			productType = "com.apple.product-type.bundle.unit-test";
		};
/* End PBXNativeTarget section */

/* Begin PBXProject section */
		49A3FBD01F09988100AA59C8 /* Project object */ = {
			isa = PBXProject;
			attributes = {
				LastSwiftUpdateCheck = 0940;
				LastUpgradeCheck = 0940;
				ORGANIZATIONNAME = "Project Dent";
				TargetAttributes = {
					49A3FBD71F09988100AA59C8 = {
						CreatedOnToolsVersion = 9.0;
					};
					932EF22120BE7E6D0052210C = {
						CreatedOnToolsVersion = 9.4;
						ProvisioningStyle = Automatic;
					};
					932EF22920BE7E6E0052210C = {
						CreatedOnToolsVersion = 9.4;
						ProvisioningStyle = Manual;
						TestTargetID = 49A3FBD71F09988100AA59C8;
					};
				};
			};
			buildConfigurationList = 49A3FBD31F09988100AA59C8 /* Build configuration list for PBXProject "ARKit+CoreLocation" */;
			compatibilityVersion = "Xcode 8.0";
			developmentRegion = en;
			hasScannedForEncodings = 0;
			knownRegions = (
				en,
				Base,
			);
			mainGroup = 49A3FBCF1F09988100AA59C8;
			productRefGroup = 49A3FBD91F09988100AA59C8 /* Products */;
			projectDirPath = "";
			projectRoot = "";
			targets = (
				49A3FBD71F09988100AA59C8 /* ARKit+CoreLocation */,
				932EF22120BE7E6D0052210C /* ARCL */,
				932EF22920BE7E6E0052210C /* ARCLTests */,
			);
		};
/* End PBXProject section */

/* Begin PBXResourcesBuildPhase section */
		49A3FBD61F09988100AA59C8 /* Resources */ = {
			isa = PBXResourcesBuildPhase;
			buildActionMask = 2147483647;
			files = (
				49A3FBE81F09988100AA59C8 /* LaunchScreen.storyboard in Resources */,
				49A3FBE51F09988100AA59C8 /* Assets.xcassets in Resources */,
			);
			runOnlyForDeploymentPostprocessing = 0;
		};
		932EF22020BE7E6D0052210C /* Resources */ = {
			isa = PBXResourcesBuildPhase;
			buildActionMask = 2147483647;
			files = (
			);
			runOnlyForDeploymentPostprocessing = 0;
		};
		932EF22820BE7E6E0052210C /* Resources */ = {
			isa = PBXResourcesBuildPhase;
			buildActionMask = 2147483647;
			files = (
			);
			runOnlyForDeploymentPostprocessing = 0;
		};
/* End PBXResourcesBuildPhase section */

/* Begin PBXShellScriptBuildPhase section */
		128F729F1F39B73C00AC6E4C /* SwiftLint */ = {
			isa = PBXShellScriptBuildPhase;
			buildActionMask = 2147483647;
			files = (
			);
			inputPaths = (
			);
			name = SwiftLint;
			outputPaths = (
			);
			runOnlyForDeploymentPostprocessing = 0;
			shellPath = /bin/sh;
			shellScript = "if which swiftlint >/dev/null; then\nswiftlint\nelse\necho \"warning: SwiftLint not installed, download from https://github.com/realm/SwiftLint\"\nfi";
		};
		3B65648ABF0CBE46120C6ABF /* [CP] Copy Pods Resources */ = {
			isa = PBXShellScriptBuildPhase;
			buildActionMask = 2147483647;
			files = (
			);
			inputPaths = (
			);
			name = "[CP] Copy Pods Resources";
			outputPaths = (
			);
			runOnlyForDeploymentPostprocessing = 0;
			shellPath = /bin/sh;
			shellScript = "\"${SRCROOT}/Pods/Target Support Files/Pods-ARKit+CoreLocation/Pods-ARKit+CoreLocation-resources.sh\"\n";
			showEnvVarsInLog = 0;
		};
		9CE3F8FA71585F7964C43538 /* [CP] Embed Pods Frameworks */ = {
			isa = PBXShellScriptBuildPhase;
			buildActionMask = 2147483647;
			files = (
			);
			inputFileListPaths = (
			);
			inputPaths = (
				"${SRCROOT}/Pods/Target Support Files/Pods-ARKit+CoreLocation/Pods-ARKit+CoreLocation-frameworks.sh",
				"${BUILT_PRODUCTS_DIR}/CocoaLumberjack/CocoaLumberjack.framework",
			);
			name = "[CP] Embed Pods Frameworks";
			outputFileListPaths = (
			);
			outputPaths = (
				"${TARGET_BUILD_DIR}/${FRAMEWORKS_FOLDER_PATH}/CocoaLumberjack.framework",
			);
			runOnlyForDeploymentPostprocessing = 0;
			shellPath = /bin/sh;
			shellScript = "\"${SRCROOT}/Pods/Target Support Files/Pods-ARKit+CoreLocation/Pods-ARKit+CoreLocation-frameworks.sh\"\n";
			showEnvVarsInLog = 0;
		};
		B912B23DE2753A7230AC73FF /* Swiftlint */ = {
			isa = PBXShellScriptBuildPhase;
			buildActionMask = 2147483647;
			files = (
			);
			inputPaths = (
				"${SRCROOT}/Pods/Target Support Files/Pods-ARKit+CoreLocation/Pods-ARKit+CoreLocation-frameworks.sh",
				"${BUILT_PRODUCTS_DIR}/CocoaLumberjack/CocoaLumberjack.framework",
			);
			name = Swiftlint;
			outputPaths = (
				"${TARGET_BUILD_DIR}/${FRAMEWORKS_FOLDER_PATH}/CocoaLumberjack.framework",
			);
			runOnlyForDeploymentPostprocessing = 0;
			shellPath = /bin/sh;
			shellScript = "if which swiftlint >/dev/null; then\nswiftlint\nelse\necho \"warning: SwiftLint not installed, download from https://github.com/realm/SwiftLint\"\nfi";
		};
		F3C651027697D46CB173FF94 /* [CP] Check Pods Manifest.lock */ = {
			isa = PBXShellScriptBuildPhase;
			buildActionMask = 2147483647;
			files = (
			);
			inputFileListPaths = (
			);
			inputPaths = (
				"${PODS_PODFILE_DIR_PATH}/Podfile.lock",
				"${PODS_ROOT}/Manifest.lock",
			);
			name = "[CP] Check Pods Manifest.lock";
			outputFileListPaths = (
			);
			outputPaths = (
				"$(DERIVED_FILE_DIR)/Pods-ARKit+CoreLocation-checkManifestLockResult.txt",
			);
			runOnlyForDeploymentPostprocessing = 0;
			shellPath = /bin/sh;
			shellScript = "diff \"${PODS_PODFILE_DIR_PATH}/Podfile.lock\" \"${PODS_ROOT}/Manifest.lock\" > /dev/null\nif [ $? != 0 ] ; then\n    # print error to STDERR\n    echo \"error: The sandbox is not in sync with the Podfile.lock. Run 'pod install' or update your CocoaPods installation.\" >&2\n    exit 1\nfi\n# This output is used by Xcode 'outputs' to avoid re-running this script phase.\necho \"SUCCESS\" > \"${SCRIPT_OUTPUT_FILE_0}\"\n";
			showEnvVarsInLog = 0;
		};
/* End PBXShellScriptBuildPhase section */

/* Begin PBXSourcesBuildPhase section */
		49A3FBD41F09988100AA59C8 /* Sources */ = {
			isa = PBXSourcesBuildPhase;
			buildActionMask = 2147483647;
			files = (
				D8C205D11F5B197200675E6E /* NotSupportedViewController.swift in Sources */,
				49A3FBE01F09988100AA59C8 /* ViewController.swift in Sources */,
				49A3FBDC1F09988100AA59C8 /* AppDelegate.swift in Sources */,
			);
			runOnlyForDeploymentPostprocessing = 0;
		};
		932EF21D20BE7E6D0052210C /* Sources */ = {
			isa = PBXSourcesBuildPhase;
			buildActionMask = 2147483647;
			files = (
				932EF26320BE83A80052210C /* SceneLocationEstimate.swift in Sources */,
				36F4F20C221B279C004BE1E6 /* BaseTypes+Extensions.swift in Sources */,
				932EF26820BE83A80052210C /* FloatingPoint+Radians.swift in Sources */,
				932EF26620BE83A80052210C /* CLLocation+Extensions.swift in Sources */,
				932EF26220BE83A80052210C /* LocationNode.swift in Sources */,
				932EF26920BE83A80052210C /* CGPoint+Extensions.swift in Sources */,
				932EF26520BE83A80052210C /* LocationManager.swift in Sources */,
				36F4F20D221B27A0004BE1E6 /* SceneLocationViewDelegate.swift in Sources */,
				36F4F20E221B27A3004BE1E6 /* SceneLocationView+Extensions.swift in Sources */,
				932EF26120BE83A80052210C /* SceneLocationView.swift in Sources */,
				932EF26420BE83A80052210C /* SceneLocationEstimate+Extensions.swift in Sources */,
				932EF26A20BE83A80052210C /* SCNNode+Extensions.swift in Sources */,
				932EF26720BE83A80052210C /* SCNVector3+Extensions.swift in Sources */,
			);
			runOnlyForDeploymentPostprocessing = 0;
		};
		932EF22620BE7E6E0052210C /* Sources */ = {
			isa = PBXSourcesBuildPhase;
			buildActionMask = 2147483647;
			files = (
				932EF23220BE7E6E0052210C /* ARCLTests.swift in Sources */,
			);
			runOnlyForDeploymentPostprocessing = 0;
		};
/* End PBXSourcesBuildPhase section */

/* Begin PBXTargetDependency section */
		932EF22D20BE7E6E0052210C /* PBXTargetDependency */ = {
			isa = PBXTargetDependency;
			target = 932EF22120BE7E6D0052210C /* ARCL */;
			targetProxy = 932EF22C20BE7E6E0052210C /* PBXContainerItemProxy */;
		};
		932EF22F20BE7E6E0052210C /* PBXTargetDependency */ = {
			isa = PBXTargetDependency;
			target = 49A3FBD71F09988100AA59C8 /* ARKit+CoreLocation */;
			targetProxy = 932EF22E20BE7E6E0052210C /* PBXContainerItemProxy */;
		};
		932EF23620BE7E6E0052210C /* PBXTargetDependency */ = {
			isa = PBXTargetDependency;
			target = 932EF22120BE7E6D0052210C /* ARCL */;
			targetProxy = 932EF23520BE7E6E0052210C /* PBXContainerItemProxy */;
		};
/* End PBXTargetDependency section */

/* Begin PBXVariantGroup section */
		49A3FBE61F09988100AA59C8 /* LaunchScreen.storyboard */ = {
			isa = PBXVariantGroup;
			children = (
				49A3FBE71F09988100AA59C8 /* Base */,
			);
			name = LaunchScreen.storyboard;
			sourceTree = "<group>";
		};
/* End PBXVariantGroup section */

/* Begin XCBuildConfiguration section */
		49A3FBEA1F09988100AA59C8 /* Debug */ = {
			isa = XCBuildConfiguration;
			buildSettings = {
				ALWAYS_SEARCH_USER_PATHS = NO;
				CLANG_ANALYZER_NONNULL = YES;
				CLANG_ANALYZER_NUMBER_OBJECT_CONVERSION = YES_AGGRESSIVE;
				CLANG_CXX_LANGUAGE_STANDARD = "gnu++14";
				CLANG_CXX_LIBRARY = "libc++";
				CLANG_ENABLE_MODULES = YES;
				CLANG_ENABLE_OBJC_ARC = YES;
				CLANG_WARN_BLOCK_CAPTURE_AUTORELEASING = YES;
				CLANG_WARN_BOOL_CONVERSION = YES;
				CLANG_WARN_COMMA = YES;
				CLANG_WARN_CONSTANT_CONVERSION = YES;
				CLANG_WARN_DEPRECATED_OBJC_IMPLEMENTATIONS = YES;
				CLANG_WARN_DIRECT_OBJC_ISA_USAGE = YES_ERROR;
				CLANG_WARN_DOCUMENTATION_COMMENTS = YES;
				CLANG_WARN_EMPTY_BODY = YES;
				CLANG_WARN_ENUM_CONVERSION = YES;
				CLANG_WARN_INFINITE_RECURSION = YES;
				CLANG_WARN_INT_CONVERSION = YES;
				CLANG_WARN_NON_LITERAL_NULL_CONVERSION = YES;
				CLANG_WARN_OBJC_IMPLICIT_RETAIN_SELF = YES;
				CLANG_WARN_OBJC_LITERAL_CONVERSION = YES;
				CLANG_WARN_OBJC_ROOT_CLASS = YES_ERROR;
				CLANG_WARN_RANGE_LOOP_ANALYSIS = YES;
				CLANG_WARN_STRICT_PROTOTYPES = YES;
				CLANG_WARN_SUSPICIOUS_MOVE = YES;
				CLANG_WARN_UNGUARDED_AVAILABILITY = YES_AGGRESSIVE;
				CLANG_WARN_UNREACHABLE_CODE = YES;
				CLANG_WARN__DUPLICATE_METHOD_MATCH = YES;
				CODE_SIGN_IDENTITY = "iPhone Developer";
				COPY_PHASE_STRIP = NO;
				DEBUG_INFORMATION_FORMAT = dwarf;
				ENABLE_STRICT_OBJC_MSGSEND = YES;
				ENABLE_TESTABILITY = YES;
				GCC_C_LANGUAGE_STANDARD = gnu11;
				GCC_DYNAMIC_NO_PIC = NO;
				GCC_NO_COMMON_BLOCKS = YES;
				GCC_OPTIMIZATION_LEVEL = 0;
				GCC_PREPROCESSOR_DEFINITIONS = (
					"DEBUG=1",
					"$(inherited)",
				);
				GCC_WARN_64_TO_32_BIT_CONVERSION = YES;
				GCC_WARN_ABOUT_RETURN_TYPE = YES_ERROR;
				GCC_WARN_UNDECLARED_SELECTOR = YES;
				GCC_WARN_UNINITIALIZED_AUTOS = YES_AGGRESSIVE;
				GCC_WARN_UNUSED_FUNCTION = YES;
				GCC_WARN_UNUSED_VARIABLE = YES;
				IPHONEOS_DEPLOYMENT_TARGET = 9.0;
				MTL_ENABLE_DEBUG_INFO = YES;
				ONLY_ACTIVE_ARCH = YES;
				SDKROOT = iphoneos;
				SWIFT_ACTIVE_COMPILATION_CONDITIONS = DEBUG;
				SWIFT_OPTIMIZATION_LEVEL = "-Onone";
			};
			name = Debug;
		};
		49A3FBEB1F09988100AA59C8 /* Release */ = {
			isa = XCBuildConfiguration;
			buildSettings = {
				ALWAYS_SEARCH_USER_PATHS = NO;
				CLANG_ANALYZER_NONNULL = YES;
				CLANG_ANALYZER_NUMBER_OBJECT_CONVERSION = YES_AGGRESSIVE;
				CLANG_CXX_LANGUAGE_STANDARD = "gnu++14";
				CLANG_CXX_LIBRARY = "libc++";
				CLANG_ENABLE_MODULES = YES;
				CLANG_ENABLE_OBJC_ARC = YES;
				CLANG_WARN_BLOCK_CAPTURE_AUTORELEASING = YES;
				CLANG_WARN_BOOL_CONVERSION = YES;
				CLANG_WARN_COMMA = YES;
				CLANG_WARN_CONSTANT_CONVERSION = YES;
				CLANG_WARN_DEPRECATED_OBJC_IMPLEMENTATIONS = YES;
				CLANG_WARN_DIRECT_OBJC_ISA_USAGE = YES_ERROR;
				CLANG_WARN_DOCUMENTATION_COMMENTS = YES;
				CLANG_WARN_EMPTY_BODY = YES;
				CLANG_WARN_ENUM_CONVERSION = YES;
				CLANG_WARN_INFINITE_RECURSION = YES;
				CLANG_WARN_INT_CONVERSION = YES;
				CLANG_WARN_NON_LITERAL_NULL_CONVERSION = YES;
				CLANG_WARN_OBJC_IMPLICIT_RETAIN_SELF = YES;
				CLANG_WARN_OBJC_LITERAL_CONVERSION = YES;
				CLANG_WARN_OBJC_ROOT_CLASS = YES_ERROR;
				CLANG_WARN_RANGE_LOOP_ANALYSIS = YES;
				CLANG_WARN_STRICT_PROTOTYPES = YES;
				CLANG_WARN_SUSPICIOUS_MOVE = YES;
				CLANG_WARN_UNGUARDED_AVAILABILITY = YES_AGGRESSIVE;
				CLANG_WARN_UNREACHABLE_CODE = YES;
				CLANG_WARN__DUPLICATE_METHOD_MATCH = YES;
				CODE_SIGN_IDENTITY = "iPhone Developer";
				COPY_PHASE_STRIP = NO;
				DEBUG_INFORMATION_FORMAT = "dwarf-with-dsym";
				ENABLE_NS_ASSERTIONS = NO;
				ENABLE_STRICT_OBJC_MSGSEND = YES;
				GCC_C_LANGUAGE_STANDARD = gnu11;
				GCC_NO_COMMON_BLOCKS = YES;
				GCC_WARN_64_TO_32_BIT_CONVERSION = YES;
				GCC_WARN_ABOUT_RETURN_TYPE = YES_ERROR;
				GCC_WARN_UNDECLARED_SELECTOR = YES;
				GCC_WARN_UNINITIALIZED_AUTOS = YES_AGGRESSIVE;
				GCC_WARN_UNUSED_FUNCTION = YES;
				GCC_WARN_UNUSED_VARIABLE = YES;
				IPHONEOS_DEPLOYMENT_TARGET = 9.0;
				MTL_ENABLE_DEBUG_INFO = NO;
				SDKROOT = iphoneos;
				SWIFT_OPTIMIZATION_LEVEL = "-Owholemodule";
				VALIDATE_PRODUCT = YES;
			};
			name = Release;
		};
		49A3FBED1F09988100AA59C8 /* Debug */ = {
			isa = XCBuildConfiguration;
			baseConfigurationReference = 8C31ACA439BC114F28F96BDD /* Pods-ARKit+CoreLocation.debug.xcconfig */;
			buildSettings = {
				ALWAYS_EMBED_SWIFT_STANDARD_LIBRARIES = YES;
				ASSETCATALOG_COMPILER_APPICON_NAME = AppIcon;
				DEVELOPMENT_TEAM = Q6W7LYC48G;
				INFOPLIST_FILE = "ARKit+CoreLocation/Info.plist";
				LD_RUNPATH_SEARCH_PATHS = "$(inherited) @executable_path/Frameworks";
				PRODUCT_BUNDLE_IDENTIFIER = "com.maaap.ProjectDent.ARKit-CoreLocation";
				PRODUCT_NAME = "$(TARGET_NAME)";
				SWIFT_VERSION = 4.0;
				TARGETED_DEVICE_FAMILY = "1,2";
			};
			name = Debug;
		};
		49A3FBEE1F09988100AA59C8 /* Release */ = {
			isa = XCBuildConfiguration;
			baseConfigurationReference = 0BB91C943796356004210093 /* Pods-ARKit+CoreLocation.release.xcconfig */;
			buildSettings = {
				ALWAYS_EMBED_SWIFT_STANDARD_LIBRARIES = YES;
				ASSETCATALOG_COMPILER_APPICON_NAME = AppIcon;
				DEVELOPMENT_TEAM = Q6W7LYC48G;
				INFOPLIST_FILE = "ARKit+CoreLocation/Info.plist";
				LD_RUNPATH_SEARCH_PATHS = "$(inherited) @executable_path/Frameworks";
				PRODUCT_BUNDLE_IDENTIFIER = "com.maaap.ProjectDent.ARKit-CoreLocation";
				PRODUCT_NAME = "$(TARGET_NAME)";
				SWIFT_VERSION = 4.0;
				TARGETED_DEVICE_FAMILY = "1,2";
			};
			name = Release;
		};
		932EF23920BE7E6E0052210C /* Debug */ = {
			isa = XCBuildConfiguration;
			buildSettings = {
				CLANG_ENABLE_OBJC_WEAK = YES;
				CLANG_WARN_DEPRECATED_OBJC_IMPLEMENTATIONS = YES;
				CLANG_WARN_NON_LITERAL_NULL_CONVERSION = YES;
				CLANG_WARN_OBJC_IMPLICIT_RETAIN_SELF = YES;
				CLANG_WARN_OBJC_LITERAL_CONVERSION = YES;
				CODE_SIGN_IDENTITY = "";
				CODE_SIGN_STYLE = Automatic;
				CURRENT_PROJECT_VERSION = 1;
				DEFINES_MODULE = YES;
				DEVELOPMENT_TEAM = "";
				DYLIB_COMPATIBILITY_VERSION = 1;
				DYLIB_CURRENT_VERSION = 1;
				DYLIB_INSTALL_NAME_BASE = "@rpath";
				INFOPLIST_FILE = ARCL/Info.plist;
				INSTALL_PATH = "$(LOCAL_LIBRARY_DIR)/Frameworks";
				IPHONEOS_DEPLOYMENT_TARGET = 9.0;
				LD_RUNPATH_SEARCH_PATHS = "$(inherited) @executable_path/Frameworks @loader_path/Frameworks";
				PRODUCT_BUNDLE_IDENTIFIER = com.projectdent.ARCL;
				PRODUCT_NAME = "$(TARGET_NAME:c99extidentifier)";
				SKIP_INSTALL = YES;
				SWIFT_VERSION = 4.0;
				TARGETED_DEVICE_FAMILY = "1,2";
				VERSIONING_SYSTEM = "apple-generic";
				VERSION_INFO_PREFIX = "";
			};
			name = Debug;
		};
		932EF23A20BE7E6E0052210C /* Release */ = {
			isa = XCBuildConfiguration;
			buildSettings = {
				CLANG_ENABLE_OBJC_WEAK = YES;
				CLANG_WARN_DEPRECATED_OBJC_IMPLEMENTATIONS = YES;
				CLANG_WARN_NON_LITERAL_NULL_CONVERSION = YES;
				CLANG_WARN_OBJC_IMPLICIT_RETAIN_SELF = YES;
				CLANG_WARN_OBJC_LITERAL_CONVERSION = YES;
				CODE_SIGN_IDENTITY = "";
				CODE_SIGN_STYLE = Automatic;
				CURRENT_PROJECT_VERSION = 1;
				DEFINES_MODULE = YES;
				DEVELOPMENT_TEAM = "";
				DYLIB_COMPATIBILITY_VERSION = 1;
				DYLIB_CURRENT_VERSION = 1;
				DYLIB_INSTALL_NAME_BASE = "@rpath";
				INFOPLIST_FILE = ARCL/Info.plist;
				INSTALL_PATH = "$(LOCAL_LIBRARY_DIR)/Frameworks";
				IPHONEOS_DEPLOYMENT_TARGET = 9.0;
				LD_RUNPATH_SEARCH_PATHS = "$(inherited) @executable_path/Frameworks @loader_path/Frameworks";
				PRODUCT_BUNDLE_IDENTIFIER = com.projectdent.ARCL;
				PRODUCT_NAME = "$(TARGET_NAME:c99extidentifier)";
				SKIP_INSTALL = YES;
				SWIFT_VERSION = 4.0;
				TARGETED_DEVICE_FAMILY = "1,2";
				VERSIONING_SYSTEM = "apple-generic";
				VERSION_INFO_PREFIX = "";
			};
			name = Release;
		};
		932EF23B20BE7E6E0052210C /* Debug */ = {
			isa = XCBuildConfiguration;
			buildSettings = {
				ALWAYS_EMBED_SWIFT_STANDARD_LIBRARIES = YES;
				CLANG_ENABLE_OBJC_WEAK = YES;
				CLANG_WARN_DEPRECATED_OBJC_IMPLEMENTATIONS = YES;
				CLANG_WARN_NON_LITERAL_NULL_CONVERSION = YES;
				CLANG_WARN_OBJC_IMPLICIT_RETAIN_SELF = YES;
				CLANG_WARN_OBJC_LITERAL_CONVERSION = YES;
				CODE_SIGN_STYLE = Manual;
				DEVELOPMENT_TEAM = "";
				INFOPLIST_FILE = ARCLTests/Info.plist;
				IPHONEOS_DEPLOYMENT_TARGET = 11.4;
				LD_RUNPATH_SEARCH_PATHS = "$(inherited) @executable_path/Frameworks @loader_path/Frameworks";
				PRODUCT_BUNDLE_IDENTIFIER = com.projectdent.ARCLTests;
				PRODUCT_NAME = "$(TARGET_NAME)";
				PROVISIONING_PROFILE_SPECIFIER = "";
				SWIFT_VERSION = 4.0;
				TARGETED_DEVICE_FAMILY = "1,2";
				TEST_HOST = "$(BUILT_PRODUCTS_DIR)/ARKit+CoreLocation.app/ARKit+CoreLocation";
			};
			name = Debug;
		};
		932EF23C20BE7E6E0052210C /* Release */ = {
			isa = XCBuildConfiguration;
			buildSettings = {
				ALWAYS_EMBED_SWIFT_STANDARD_LIBRARIES = YES;
				CLANG_ENABLE_OBJC_WEAK = YES;
				CLANG_WARN_DEPRECATED_OBJC_IMPLEMENTATIONS = YES;
				CLANG_WARN_NON_LITERAL_NULL_CONVERSION = YES;
				CLANG_WARN_OBJC_IMPLICIT_RETAIN_SELF = YES;
				CLANG_WARN_OBJC_LITERAL_CONVERSION = YES;
				CODE_SIGN_STYLE = Manual;
				DEVELOPMENT_TEAM = "";
				INFOPLIST_FILE = ARCLTests/Info.plist;
				IPHONEOS_DEPLOYMENT_TARGET = 11.4;
				LD_RUNPATH_SEARCH_PATHS = "$(inherited) @executable_path/Frameworks @loader_path/Frameworks";
				PRODUCT_BUNDLE_IDENTIFIER = com.projectdent.ARCLTests;
				PRODUCT_NAME = "$(TARGET_NAME)";
				PROVISIONING_PROFILE_SPECIFIER = "";
				SWIFT_VERSION = 4.0;
				TARGETED_DEVICE_FAMILY = "1,2";
				TEST_HOST = "$(BUILT_PRODUCTS_DIR)/ARKit+CoreLocation.app/ARKit+CoreLocation";
			};
			name = Release;
		};
/* End XCBuildConfiguration section */

/* Begin XCConfigurationList section */
		49A3FBD31F09988100AA59C8 /* Build configuration list for PBXProject "ARKit+CoreLocation" */ = {
			isa = XCConfigurationList;
			buildConfigurations = (
				49A3FBEA1F09988100AA59C8 /* Debug */,
				49A3FBEB1F09988100AA59C8 /* Release */,
			);
			defaultConfigurationIsVisible = 0;
			defaultConfigurationName = Release;
		};
		49A3FBEC1F09988100AA59C8 /* Build configuration list for PBXNativeTarget "ARKit+CoreLocation" */ = {
			isa = XCConfigurationList;
			buildConfigurations = (
				49A3FBED1F09988100AA59C8 /* Debug */,
				49A3FBEE1F09988100AA59C8 /* Release */,
			);
			defaultConfigurationIsVisible = 0;
			defaultConfigurationName = Release;
		};
		932EF23D20BE7E6E0052210C /* Build configuration list for PBXNativeTarget "ARCL" */ = {
			isa = XCConfigurationList;
			buildConfigurations = (
				932EF23920BE7E6E0052210C /* Debug */,
				932EF23A20BE7E6E0052210C /* Release */,
			);
			defaultConfigurationIsVisible = 0;
			defaultConfigurationName = Release;
		};
		932EF23F20BE7E6E0052210C /* Build configuration list for PBXNativeTarget "ARCLTests" */ = {
			isa = XCConfigurationList;
			buildConfigurations = (
				932EF23B20BE7E6E0052210C /* Debug */,
				932EF23C20BE7E6E0052210C /* Release */,
			);
			defaultConfigurationIsVisible = 0;
			defaultConfigurationName = Release;
		};
/* End XCConfigurationList section */
	};
	rootObject = 49A3FBD01F09988100AA59C8 /* Project object */;
}
